[root]
name = "rust-raytracer"
version = "0.1.0"
dependencies = [
 "rustc-serialize 0.2.6 (git+http://github.com/rust-lang/rustc-serialize)",
 "time 0.1.11 (git+http://github.com/rust-lang/time)",
]

[[package]]
name = "gcc"
version = "0.1.3"
source = "registry+https://github.com/rust-lang/crates.io-index"

[[package]]
name = "rustc-serialize"
version = "0.2.6"
source = "git+http://github.com/rust-lang/rustc-serialize#e8a3aeac8ea793c0875a003fe3a5a3e2927d99bc"

[[package]]
name = "time"
version = "0.1.11"
source = "git+http://github.com/rust-lang/time#00121035e51e1df14d5cd3a3233905f43e5c93a9"
dependencies = [
 "gcc 0.1.3 (registry+https://github.com/rust-lang/crates.io-index)",
]

