[root]
name = "rust-raytracer"
version = "0.1.0"
dependencies = [
 "time 0.1.3 (git+http://github.com/rust-lang/time)",
]

[[package]]
name = "gcc"
version = "0.1.1"
source = "git+https://github.com/alexcrichton/gcc-rs#d35c34c871dd75f97fadf04cb0ed85d997a9bc0c"

[[package]]
name = "time"
version = "0.1.3"
source = "git+http://github.com/rust-lang/time#914a48401168169ccd1a822c2d32d87965306141"
dependencies = [
 "gcc 0.1.1 (git+https://github.com/alexcrichton/gcc-rs)",
]

