[root]
name = "rust-raytracer"
version = "0.1.0"
dependencies = [
 "rustc-serialize 0.2.7 (git+http://github.com/rust-lang/rustc-serialize)",
 "time 0.1.12 (git+http://github.com/rust-lang/time)",
]

[[package]]
name = "gcc"
version = "0.1.4"
source = "registry+https://github.com/rust-lang/crates.io-index"

[[package]]
name = "rustc-serialize"
version = "0.2.7"
source = "git+http://github.com/rust-lang/rustc-serialize#49d4958b2e88335e586b18734ee1ae1cde5e0da1"

[[package]]
name = "time"
version = "0.1.12"
source = "git+http://github.com/rust-lang/time#7f105d4dd2bde23d4b8516dc02566cfc46b60b22"
dependencies = [
 "gcc 0.1.4 (registry+https://github.com/rust-lang/crates.io-index)",
]

